// !$*UTF8*$!
{
	archiveVersion = 1;
	classes = {
	};
	objectVersion = 50;
	objects = {

/* Begin PBXBuildFile section */
		6BDE49D236B4D45BD8980441 /* Pods_TogetherTests.framework in Frameworks */ = {isa = PBXBuildFile; fileRef = 0565EF7528CB7F17F4D99A00 /* Pods_TogetherTests.framework */; };
		9D0F86A221710A6400AE5F18 /* Constants.swift in Sources */ = {isa = PBXBuildFile; fileRef = 9D0F86A121710A6400AE5F18 /* Constants.swift */; };
		9D1EBF0421750F91004A566A /* MapViewController.swift in Sources */ = {isa = PBXBuildFile; fileRef = 9D1EBF0321750F91004A566A /* MapViewController.swift */; };
		9D1EBF08217605AD004A566A /* FeedTableViewCell.swift in Sources */ = {isa = PBXBuildFile; fileRef = 9D1EBF07217605AD004A566A /* FeedTableViewCell.swift */; };
		9D451F7D216B948A009708D4 /* AnswersViewController.swift in Sources */ = {isa = PBXBuildFile; fileRef = 9D451F7C216B948A009708D4 /* AnswersViewController.swift */; };
		9D451F7F216B949A009708D4 /* AnswersTableViewCell.swift in Sources */ = {isa = PBXBuildFile; fileRef = 9D451F7E216B949A009708D4 /* AnswersTableViewCell.swift */; };
		9D451F81216B96B6009708D4 /* AskViewController.swift in Sources */ = {isa = PBXBuildFile; fileRef = 9D451F80216B96B6009708D4 /* AskViewController.swift */; };
		9D46D84D219B29C0006CE94C /* OverviewViewController.swift in Sources */ = {isa = PBXBuildFile; fileRef = 9D46D84C219B29C0006CE94C /* OverviewViewController.swift */; };
		9D46D84F219B2A02006CE94C /* OverviewCollectionViewCell.swift in Sources */ = {isa = PBXBuildFile; fileRef = 9D46D84E219B2A02006CE94C /* OverviewCollectionViewCell.swift */; };
		9D519C8621835E5D0079F9CB /* ProjectViewController.swift in Sources */ = {isa = PBXBuildFile; fileRef = 9D519C8521835E5D0079F9CB /* ProjectViewController.swift */; };
		9D519C8821835E8F0079F9CB /* ProjectCollectionViewCell.swift in Sources */ = {isa = PBXBuildFile; fileRef = 9D519C8721835E8F0079F9CB /* ProjectCollectionViewCell.swift */; };
		9D5DBE3C219A26B8000C46FC /* RevenueViewController.swift in Sources */ = {isa = PBXBuildFile; fileRef = 9D5DBE3B219A26B8000C46FC /* RevenueViewController.swift */; };
		9D5DBE3E219A31D5000C46FC /* EditProfileViewController.swift in Sources */ = {isa = PBXBuildFile; fileRef = 9D5DBE3D219A31D5000C46FC /* EditProfileViewController.swift */; };
		9D5DBE40219A35CA000C46FC /* UpdateProfileViewController.swift in Sources */ = {isa = PBXBuildFile; fileRef = 9D5DBE3F219A35CA000C46FC /* UpdateProfileViewController.swift */; };
		9D5DD6BE2198A2FF0085F58A /* UploadViewController.swift in Sources */ = {isa = PBXBuildFile; fileRef = 9D5DD6BD2198A2FF0085F58A /* UploadViewController.swift */; };
		9D5FD089219496CB001B40E1 /* AboutTableViewCell.swift in Sources */ = {isa = PBXBuildFile; fileRef = 9D5FD088219496CB001B40E1 /* AboutTableViewCell.swift */; };
		9D5FD08B21949795001B40E1 /* AboutViewController.swift in Sources */ = {isa = PBXBuildFile; fileRef = 9D5FD08A21949795001B40E1 /* AboutViewController.swift */; };
		9D5FD08D2194E14B001B40E1 /* SettingsViewController.swift in Sources */ = {isa = PBXBuildFile; fileRef = 9D5FD08C2194E14B001B40E1 /* SettingsViewController.swift */; };
		9D5FD08F2194E794001B40E1 /* MyFamViewController.swift in Sources */ = {isa = PBXBuildFile; fileRef = 9D5FD08E2194E794001B40E1 /* MyFamViewController.swift */; };
		9D5FD09121952BD5001B40E1 /* LoginViewController.swift in Sources */ = {isa = PBXBuildFile; fileRef = 9D5FD09021952BD5001B40E1 /* LoginViewController.swift */; };
		9D60C09921A34E24002BBF0C /* Test2ViewController.swift in Sources */ = {isa = PBXBuildFile; fileRef = 9D60C09821A34E24002BBF0C /* Test2ViewController.swift */; };
		9D60C09B21A455F6002BBF0C /* GoogleService-Info.plist in Resources */ = {isa = PBXBuildFile; fileRef = 9D60C09A21A455F5002BBF0C /* GoogleService-Info.plist */; };
		9D60C09D21A46275002BBF0C /* BuyerLoginViewController.swift in Sources */ = {isa = PBXBuildFile; fileRef = 9D60C09C21A46275002BBF0C /* BuyerLoginViewController.swift */; };
		9D69746F21B07D1900F8E748 /* ProductTableViewCell.swift in Sources */ = {isa = PBXBuildFile; fileRef = 9D69746E21B07D1900F8E748 /* ProductTableViewCell.swift */; };
		9D69747121B07DAB00F8E748 /* PricesCollectionViewCell.swift in Sources */ = {isa = PBXBuildFile; fileRef = 9D69747021B07DAA00F8E748 /* PricesCollectionViewCell.swift */; };
		9D69747321B07DE500F8E748 /* ProductViewController.swift in Sources */ = {isa = PBXBuildFile; fileRef = 9D69747221B07DE400F8E748 /* ProductViewController.swift */; };
		9D6E91CC21A0CE410013BED6 /* 2LoginViewController.swift in Sources */ = {isa = PBXBuildFile; fileRef = 9D6E91CB21A0CE410013BED6 /* 2LoginViewController.swift */; };
		9D6E91CE21A0F0BD0013BED6 /* TestViewController.swift in Sources */ = {isa = PBXBuildFile; fileRef = 9D6E91CD21A0F0BD0013BED6 /* TestViewController.swift */; };
		9D714B8121834D9500A033EB /* DiscoverTableViewCell.swift in Sources */ = {isa = PBXBuildFile; fileRef = 9D714B8021834D9500A033EB /* DiscoverTableViewCell.swift */; };
		9D7A6A68219C7BE400FBEC22 /* TabInfluencerViewController.swift in Sources */ = {isa = PBXBuildFile; fileRef = 9D7A6A67219C7BE400FBEC22 /* TabInfluencerViewController.swift */; };
		9D7D45112199F4D300FEBC1A /* InfluencerCreateViewController.swift in Sources */ = {isa = PBXBuildFile; fileRef = 9D7D45102199F4D300FEBC1A /* InfluencerCreateViewController.swift */; };
		9D8934C321728D1D001AEF8E /* HomeViewController.swift in Sources */ = {isa = PBXBuildFile; fileRef = 9D8934C221728D1D001AEF8E /* HomeViewController.swift */; };
		9D8934C721740ABE001AEF8E /* QuestionsTableViewCell.swift in Sources */ = {isa = PBXBuildFile; fileRef = 9D8934C621740ABE001AEF8E /* QuestionsTableViewCell.swift */; };
		9D8934C921740ACC001AEF8E /* QuestionsViewController.swift in Sources */ = {isa = PBXBuildFile; fileRef = 9D8934C821740ACC001AEF8E /* QuestionsViewController.swift */; };
		9D8934CB21741140001AEF8E /* PromptViewController.swift in Sources */ = {isa = PBXBuildFile; fileRef = 9D8934CA2174113F001AEF8E /* PromptViewController.swift */; };
		9D9019C8216FA81A00668852 /* RespondViewController.swift in Sources */ = {isa = PBXBuildFile; fileRef = 9D9019C7216FA81A00668852 /* RespondViewController.swift */; };
		9D9C665921A321B800309443 /* YourChannelViewController.swift in Sources */ = {isa = PBXBuildFile; fileRef = 9D9C665821A321B800309443 /* YourChannelViewController.swift */; };
		9D9E4A45218626F800B3C74C /* Discover2ViewController.swift in Sources */ = {isa = PBXBuildFile; fileRef = 9D9E4A44218626F800B3C74C /* Discover2ViewController.swift */; };
		9D9E4A4721862B1700B3C74C /* StoreKit.framework in Frameworks */ = {isa = PBXBuildFile; fileRef = 9D9E4A4621862B1700B3C74C /* StoreKit.framework */; };
		9D9E4A4B21864CC000B3C74C /* FundedViewController.swift in Sources */ = {isa = PBXBuildFile; fileRef = 9D9E4A4A21864CC000B3C74C /* FundedViewController.swift */; };
		9DB4D29421965344008A57FD /* VideoPlayerView.swift in Sources */ = {isa = PBXBuildFile; fileRef = 9DB4D29321965344008A57FD /* VideoPlayerView.swift */; };
		9DB795C621656B5300211327 /* AppDelegate.swift in Sources */ = {isa = PBXBuildFile; fileRef = 9DB795C521656B5300211327 /* AppDelegate.swift */; };
		9DB795C821656B5300211327 /* ViewController.swift in Sources */ = {isa = PBXBuildFile; fileRef = 9DB795C721656B5300211327 /* ViewController.swift */; };
		9DB795CB21656B5300211327 /* Main.storyboard in Resources */ = {isa = PBXBuildFile; fileRef = 9DB795C921656B5300211327 /* Main.storyboard */; };
		9DB795CD21656B5600211327 /* Assets.xcassets in Resources */ = {isa = PBXBuildFile; fileRef = 9DB795CC21656B5600211327 /* Assets.xcassets */; };
		9DB795D021656B5600211327 /* LaunchScreen.storyboard in Resources */ = {isa = PBXBuildFile; fileRef = 9DB795CE21656B5600211327 /* LaunchScreen.storyboard */; };
		9DB795DB21656B5700211327 /* TogetherTests.swift in Sources */ = {isa = PBXBuildFile; fileRef = 9DB795DA21656B5700211327 /* TogetherTests.swift */; };
		9DB795E621656B5700211327 /* TogetherUITests.swift in Sources */ = {isa = PBXBuildFile; fileRef = 9DB795E521656B5700211327 /* TogetherUITests.swift */; };
		9DB795F421656CDF00211327 /* LogViewController.swift in Sources */ = {isa = PBXBuildFile; fileRef = 9DB795F321656CDF00211327 /* LogViewController.swift */; };
		9DB795F621656CEB00211327 /* LogTableViewCell.swift in Sources */ = {isa = PBXBuildFile; fileRef = 9DB795F521656CEB00211327 /* LogTableViewCell.swift */; };
		9DB7BCF021A31ED3009B63B4 /* CreateAPlanViewController.swift in Sources */ = {isa = PBXBuildFile; fileRef = 9DB7BCEF21A31ED3009B63B4 /* CreateAPlanViewController.swift */; };
		9DB8ADFE219DD14D00D7D707 /* WatchViewController.swift in Sources */ = {isa = PBXBuildFile; fileRef = 9DB8ADFD219DD14D00D7D707 /* WatchViewController.swift */; };
		9DB8AE00219DDB0300D7D707 /* PeopleCollectionViewCell.swift in Sources */ = {isa = PBXBuildFile; fileRef = 9DB8ADFF219DDB0300D7D707 /* PeopleCollectionViewCell.swift */; };
		9DB8AE03219DE6C000D7D707 /* VideosCollectionViewCell.swift in Sources */ = {isa = PBXBuildFile; fileRef = 9DB8AE02219DE6C000D7D707 /* VideosCollectionViewCell.swift */; };
		9DB8AE05219DE79200D7D707 /* VideoViewController.swift in Sources */ = {isa = PBXBuildFile; fileRef = 9DB8AE04219DE79200D7D707 /* VideoViewController.swift */; };
		9DC0B28021910AB900F56A1A /* ProjectTableViewCell.swift in Sources */ = {isa = PBXBuildFile; fileRef = 9DC0B27F21910AB900F56A1A /* ProjectTableViewCell.swift */; };
		9DC0B28221920DC500F56A1A /* PlayerViewClass.swift in Sources */ = {isa = PBXBuildFile; fileRef = 9DC0B28121920DC500F56A1A /* PlayerViewClass.swift */; };
		9DC0B2852193553300F56A1A /* ExploreTableViewCell.swift in Sources */ = {isa = PBXBuildFile; fileRef = 9DC0B2842193553300F56A1A /* ExploreTableViewCell.swift */; };
		9DC0B2872193556300F56A1A /* ExploreViewController.swift in Sources */ = {isa = PBXBuildFile; fileRef = 9DC0B2862193556300F56A1A /* ExploreViewController.swift */; };
		9DC0B28F219360C200F56A1A /* PlansTableViewCell.swift in Sources */ = {isa = PBXBuildFile; fileRef = 9DC0B28E219360C100F56A1A /* PlansTableViewCell.swift */; };
		9DC0B291219360EC00F56A1A /* PlansViewController.swift in Sources */ = {isa = PBXBuildFile; fileRef = 9DC0B290219360EC00F56A1A /* PlansViewController.swift */; };
		9DD354D4217231BC003F828A /* ShakeToReportViewController.swift in Sources */ = {isa = PBXBuildFile; fileRef = 9DD354D3217231BC003F828A /* ShakeToReportViewController.swift */; };
		9DE270FC2195ED6100F119D6 /* PurchaseViewController.swift in Sources */ = {isa = PBXBuildFile; fileRef = 9DE270FB2195ED6100F119D6 /* PurchaseViewController.swift */; };
		9DEA5F1821A0B820000137A3 /* ContacViewController.swift in Sources */ = {isa = PBXBuildFile; fileRef = 9DEA5F1721A0B820000137A3 /* ContacViewController.swift */; };
		CDA65A340E0251A467ABD40B /* Pods_TogetherUITests.framework in Frameworks */ = {isa = PBXBuildFile; fileRef = F5AED522BDB9F8FBB8DE7FE7 /* Pods_TogetherUITests.framework */; };
		F730C0F4CFD34EE9240B5A7C /* Pods_Together.framework in Frameworks */ = {isa = PBXBuildFile; fileRef = 8BFCA9B94C66A654D51E53CF /* Pods_Together.framework */; };
/* End PBXBuildFile section */

/* Begin PBXContainerItemProxy section */
		9DB795D721656B5700211327 /* PBXContainerItemProxy */ = {
			isa = PBXContainerItemProxy;
			containerPortal = 9DB795BA21656B5300211327 /* Project object */;
			proxyType = 1;
			remoteGlobalIDString = 9DB795C121656B5300211327;
			remoteInfo = Together;
		};
		9DB795E221656B5700211327 /* PBXContainerItemProxy */ = {
			isa = PBXContainerItemProxy;
			containerPortal = 9DB795BA21656B5300211327 /* Project object */;
			proxyType = 1;
			remoteGlobalIDString = 9DB795C121656B5300211327;
			remoteInfo = Together;
		};
/* End PBXContainerItemProxy section */

/* Begin PBXFileReference section */
		0565EF7528CB7F17F4D99A00 /* Pods_TogetherTests.framework */ = {isa = PBXFileReference; explicitFileType = wrapper.framework; includeInIndex = 0; path = Pods_TogetherTests.framework; sourceTree = BUILT_PRODUCTS_DIR; };
		12E842E352A6B9D5EBFBD900 /* Pods-TogetherTests.release.xcconfig */ = {isa = PBXFileReference; includeInIndex = 1; lastKnownFileType = text.xcconfig; name = "Pods-TogetherTests.release.xcconfig"; path = "Pods/Target Support Files/Pods-TogetherTests/Pods-TogetherTests.release.xcconfig"; sourceTree = "<group>"; };
		18F0F86C70FA93755AA6C9C9 /* Pods-TogetherTests.debug.xcconfig */ = {isa = PBXFileReference; includeInIndex = 1; lastKnownFileType = text.xcconfig; name = "Pods-TogetherTests.debug.xcconfig"; path = "Pods/Target Support Files/Pods-TogetherTests/Pods-TogetherTests.debug.xcconfig"; sourceTree = "<group>"; };
		3E3F0B2429FD889F325EF44C /* Pods-TogetherUITests.debug.xcconfig */ = {isa = PBXFileReference; includeInIndex = 1; lastKnownFileType = text.xcconfig; name = "Pods-TogetherUITests.debug.xcconfig"; path = "Pods/Target Support Files/Pods-TogetherUITests/Pods-TogetherUITests.debug.xcconfig"; sourceTree = "<group>"; };
		4A4C721F3979168079221256 /* Pods-TogetherTests.debug.xcconfig */ = {isa = PBXFileReference; includeInIndex = 1; lastKnownFileType = text.xcconfig; name = "Pods-TogetherTests.debug.xcconfig"; path = "Pods/Target Support Files/Pods-TogetherTests/Pods-TogetherTests.debug.xcconfig"; sourceTree = "<group>"; };
		52201B14299DAE10BE8BFAFC /* Pods-TogetherUITests.release.xcconfig */ = {isa = PBXFileReference; includeInIndex = 1; lastKnownFileType = text.xcconfig; name = "Pods-TogetherUITests.release.xcconfig"; path = "Pods/Target Support Files/Pods-TogetherUITests/Pods-TogetherUITests.release.xcconfig"; sourceTree = "<group>"; };
		69E892D4E4F7F75DA9E22302 /* Pods-TogetherUITests.debug.xcconfig */ = {isa = PBXFileReference; includeInIndex = 1; lastKnownFileType = text.xcconfig; name = "Pods-TogetherUITests.debug.xcconfig"; path = "Pods/Target Support Files/Pods-TogetherUITests/Pods-TogetherUITests.debug.xcconfig"; sourceTree = "<group>"; };
		8BFCA9B94C66A654D51E53CF /* Pods_Together.framework */ = {isa = PBXFileReference; explicitFileType = wrapper.framework; includeInIndex = 0; path = Pods_Together.framework; sourceTree = BUILT_PRODUCTS_DIR; };
		946746B00455D23BCECD7726 /* Pods-Together.release.xcconfig */ = {isa = PBXFileReference; includeInIndex = 1; lastKnownFileType = text.xcconfig; name = "Pods-Together.release.xcconfig"; path = "Pods/Target Support Files/Pods-Together/Pods-Together.release.xcconfig"; sourceTree = "<group>"; };
		9D0F86A121710A6400AE5F18 /* Constants.swift */ = {isa = PBXFileReference; lastKnownFileType = sourcecode.swift; path = Constants.swift; sourceTree = "<group>"; };
		9D1EBF0321750F91004A566A /* MapViewController.swift */ = {isa = PBXFileReference; lastKnownFileType = sourcecode.swift; path = MapViewController.swift; sourceTree = "<group>"; };
		9D1EBF07217605AD004A566A /* FeedTableViewCell.swift */ = {isa = PBXFileReference; lastKnownFileType = sourcecode.swift; path = FeedTableViewCell.swift; sourceTree = "<group>"; };
		9D451F7C216B948A009708D4 /* AnswersViewController.swift */ = {isa = PBXFileReference; lastKnownFileType = sourcecode.swift; path = AnswersViewController.swift; sourceTree = "<group>"; };
		9D451F7E216B949A009708D4 /* AnswersTableViewCell.swift */ = {isa = PBXFileReference; lastKnownFileType = sourcecode.swift; path = AnswersTableViewCell.swift; sourceTree = "<group>"; };
		9D451F80216B96B6009708D4 /* AskViewController.swift */ = {isa = PBXFileReference; lastKnownFileType = sourcecode.swift; path = AskViewController.swift; sourceTree = "<group>"; };
		9D46D84C219B29C0006CE94C /* OverviewViewController.swift */ = {isa = PBXFileReference; lastKnownFileType = sourcecode.swift; path = OverviewViewController.swift; sourceTree = "<group>"; };
		9D46D84E219B2A02006CE94C /* OverviewCollectionViewCell.swift */ = {isa = PBXFileReference; lastKnownFileType = sourcecode.swift; name = OverviewCollectionViewCell.swift; path = "/Users/alekmatthiessen/Desktop/DesktopNov2018/Together/Together/FAM/Sign Up/OverviewCollectionViewCell.swift"; sourceTree = "<absolute>"; };
		9D519C8521835E5D0079F9CB /* ProjectViewController.swift */ = {isa = PBXFileReference; lastKnownFileType = sourcecode.swift; path = ProjectViewController.swift; sourceTree = "<group>"; };
		9D519C8721835E8F0079F9CB /* ProjectCollectionViewCell.swift */ = {isa = PBXFileReference; lastKnownFileType = sourcecode.swift; path = ProjectCollectionViewCell.swift; sourceTree = "<group>"; };
		9D5DBE3B219A26B8000C46FC /* RevenueViewController.swift */ = {isa = PBXFileReference; lastKnownFileType = sourcecode.swift; path = RevenueViewController.swift; sourceTree = "<group>"; };
		9D5DBE3D219A31D5000C46FC /* EditProfileViewController.swift */ = {isa = PBXFileReference; lastKnownFileType = sourcecode.swift; path = EditProfileViewController.swift; sourceTree = "<group>"; };
		9D5DBE3F219A35CA000C46FC /* UpdateProfileViewController.swift */ = {isa = PBXFileReference; lastKnownFileType = sourcecode.swift; path = UpdateProfileViewController.swift; sourceTree = "<group>"; };
		9D5DD6BD2198A2FF0085F58A /* UploadViewController.swift */ = {isa = PBXFileReference; lastKnownFileType = sourcecode.swift; path = UploadViewController.swift; sourceTree = "<group>"; };
		9D5FD088219496CB001B40E1 /* AboutTableViewCell.swift */ = {isa = PBXFileReference; lastKnownFileType = sourcecode.swift; path = AboutTableViewCell.swift; sourceTree = "<group>"; };
		9D5FD08A21949795001B40E1 /* AboutViewController.swift */ = {isa = PBXFileReference; lastKnownFileType = sourcecode.swift; path = AboutViewController.swift; sourceTree = "<group>"; };
		9D5FD08C2194E14B001B40E1 /* SettingsViewController.swift */ = {isa = PBXFileReference; lastKnownFileType = sourcecode.swift; path = SettingsViewController.swift; sourceTree = "<group>"; };
		9D5FD08E2194E794001B40E1 /* MyFamViewController.swift */ = {isa = PBXFileReference; lastKnownFileType = sourcecode.swift; path = MyFamViewController.swift; sourceTree = "<group>"; };
		9D5FD09021952BD5001B40E1 /* LoginViewController.swift */ = {isa = PBXFileReference; lastKnownFileType = sourcecode.swift; path = LoginViewController.swift; sourceTree = "<group>"; };
		9D60C09821A34E24002BBF0C /* Test2ViewController.swift */ = {isa = PBXFileReference; lastKnownFileType = sourcecode.swift; path = Test2ViewController.swift; sourceTree = "<group>"; };
		9D60C09A21A455F5002BBF0C /* GoogleService-Info.plist */ = {isa = PBXFileReference; fileEncoding = 4; lastKnownFileType = text.plist.xml; path = "GoogleService-Info.plist"; sourceTree = "<group>"; };
		9D60C09C21A46275002BBF0C /* BuyerLoginViewController.swift */ = {isa = PBXFileReference; lastKnownFileType = sourcecode.swift; path = BuyerLoginViewController.swift; sourceTree = "<group>"; };
		9D69746E21B07D1900F8E748 /* ProductTableViewCell.swift */ = {isa = PBXFileReference; lastKnownFileType = sourcecode.swift; name = ProductTableViewCell.swift; path = /Users/alekmatthiessen/Desktop/DesktopNov2018/Together/Together/Jewelry/ProductTableViewCell.swift; sourceTree = "<absolute>"; };
		9D69747021B07DAA00F8E748 /* PricesCollectionViewCell.swift */ = {isa = PBXFileReference; lastKnownFileType = sourcecode.swift; name = PricesCollectionViewCell.swift; path = /Users/alekmatthiessen/Desktop/DesktopNov2018/Together/Together/Jewelry/PricesCollectionViewCell.swift; sourceTree = "<absolute>"; };
		9D69747221B07DE400F8E748 /* ProductViewController.swift */ = {isa = PBXFileReference; lastKnownFileType = sourcecode.swift; name = ProductViewController.swift; path = /Users/alekmatthiessen/Desktop/DesktopNov2018/Together/Together/Jewelry/ProductViewController.swift; sourceTree = "<absolute>"; };
		9D6E91CB21A0CE410013BED6 /* 2LoginViewController.swift */ = {isa = PBXFileReference; lastKnownFileType = sourcecode.swift; path = 2LoginViewController.swift; sourceTree = "<group>"; };
		9D6E91CD21A0F0BD0013BED6 /* TestViewController.swift */ = {isa = PBXFileReference; lastKnownFileType = sourcecode.swift; path = TestViewController.swift; sourceTree = "<group>"; };
		9D714B8021834D9500A033EB /* DiscoverTableViewCell.swift */ = {isa = PBXFileReference; lastKnownFileType = sourcecode.swift; path = DiscoverTableViewCell.swift; sourceTree = "<group>"; };
		9D7A6A67219C7BE400FBEC22 /* TabInfluencerViewController.swift */ = {isa = PBXFileReference; lastKnownFileType = sourcecode.swift; path = TabInfluencerViewController.swift; sourceTree = "<group>"; };
		9D7D45102199F4D300FEBC1A /* InfluencerCreateViewController.swift */ = {isa = PBXFileReference; lastKnownFileType = sourcecode.swift; path = InfluencerCreateViewController.swift; sourceTree = "<group>"; };
		9D8311802197DDA2003CC76C /* Together.entitlements */ = {isa = PBXFileReference; lastKnownFileType = text.plist.entitlements; path = Together.entitlements; sourceTree = "<group>"; };
		9D8934C221728D1D001AEF8E /* HomeViewController.swift */ = {isa = PBXFileReference; lastKnownFileType = sourcecode.swift; path = HomeViewController.swift; sourceTree = "<group>"; };
		9D8934C621740ABE001AEF8E /* QuestionsTableViewCell.swift */ = {isa = PBXFileReference; lastKnownFileType = sourcecode.swift; path = QuestionsTableViewCell.swift; sourceTree = "<group>"; };
		9D8934C821740ACC001AEF8E /* QuestionsViewController.swift */ = {isa = PBXFileReference; lastKnownFileType = sourcecode.swift; path = QuestionsViewController.swift; sourceTree = "<group>"; };
		9D8934CA2174113F001AEF8E /* PromptViewController.swift */ = {isa = PBXFileReference; lastKnownFileType = sourcecode.swift; path = PromptViewController.swift; sourceTree = "<group>"; };
		9D9019C7216FA81A00668852 /* RespondViewController.swift */ = {isa = PBXFileReference; lastKnownFileType = sourcecode.swift; path = RespondViewController.swift; sourceTree = "<group>"; };
		9D9C665821A321B800309443 /* YourChannelViewController.swift */ = {isa = PBXFileReference; lastKnownFileType = sourcecode.swift; path = YourChannelViewController.swift; sourceTree = "<group>"; };
		9D9E4A44218626F800B3C74C /* Discover2ViewController.swift */ = {isa = PBXFileReference; lastKnownFileType = sourcecode.swift; path = Discover2ViewController.swift; sourceTree = "<group>"; };
		9D9E4A4621862B1700B3C74C /* StoreKit.framework */ = {isa = PBXFileReference; lastKnownFileType = wrapper.framework; name = StoreKit.framework; path = System/Library/Frameworks/StoreKit.framework; sourceTree = SDKROOT; };
		9D9E4A4A21864CC000B3C74C /* FundedViewController.swift */ = {isa = PBXFileReference; lastKnownFileType = sourcecode.swift; path = FundedViewController.swift; sourceTree = "<group>"; };
		9DB4D29321965344008A57FD /* VideoPlayerView.swift */ = {isa = PBXFileReference; lastKnownFileType = sourcecode.swift; path = VideoPlayerView.swift; sourceTree = "<group>"; };
		9DB795C221656B5300211327 /* Together.app */ = {isa = PBXFileReference; explicitFileType = wrapper.application; includeInIndex = 0; path = Together.app; sourceTree = BUILT_PRODUCTS_DIR; };
		9DB795C521656B5300211327 /* AppDelegate.swift */ = {isa = PBXFileReference; lastKnownFileType = sourcecode.swift; path = AppDelegate.swift; sourceTree = "<group>"; };
		9DB795C721656B5300211327 /* ViewController.swift */ = {isa = PBXFileReference; lastKnownFileType = sourcecode.swift; path = ViewController.swift; sourceTree = "<group>"; };
		9DB795CA21656B5300211327 /* Base */ = {isa = PBXFileReference; lastKnownFileType = file.storyboard; name = Base; path = Base.lproj/Main.storyboard; sourceTree = "<group>"; };
		9DB795CC21656B5600211327 /* Assets.xcassets */ = {isa = PBXFileReference; lastKnownFileType = folder.assetcatalog; path = Assets.xcassets; sourceTree = "<group>"; };
		9DB795CF21656B5600211327 /* Base */ = {isa = PBXFileReference; lastKnownFileType = file.storyboard; name = Base; path = Base.lproj/LaunchScreen.storyboard; sourceTree = "<group>"; };
		9DB795D121656B5700211327 /* Info.plist */ = {isa = PBXFileReference; lastKnownFileType = text.plist.xml; path = Info.plist; sourceTree = "<group>"; };
		9DB795D621656B5700211327 /* TogetherTests.xctest */ = {isa = PBXFileReference; explicitFileType = wrapper.cfbundle; includeInIndex = 0; path = TogetherTests.xctest; sourceTree = BUILT_PRODUCTS_DIR; };
		9DB795DA21656B5700211327 /* TogetherTests.swift */ = {isa = PBXFileReference; lastKnownFileType = sourcecode.swift; path = TogetherTests.swift; sourceTree = "<group>"; };
		9DB795DC21656B5700211327 /* Info.plist */ = {isa = PBXFileReference; lastKnownFileType = text.plist.xml; path = Info.plist; sourceTree = "<group>"; };
		9DB795E121656B5700211327 /* TogetherUITests.xctest */ = {isa = PBXFileReference; explicitFileType = wrapper.cfbundle; includeInIndex = 0; path = TogetherUITests.xctest; sourceTree = BUILT_PRODUCTS_DIR; };
		9DB795E521656B5700211327 /* TogetherUITests.swift */ = {isa = PBXFileReference; lastKnownFileType = sourcecode.swift; path = TogetherUITests.swift; sourceTree = "<group>"; };
		9DB795E721656B5700211327 /* Info.plist */ = {isa = PBXFileReference; lastKnownFileType = text.plist.xml; path = Info.plist; sourceTree = "<group>"; };
		9DB795F321656CDF00211327 /* LogViewController.swift */ = {isa = PBXFileReference; lastKnownFileType = sourcecode.swift; path = LogViewController.swift; sourceTree = "<group>"; };
		9DB795F521656CEB00211327 /* LogTableViewCell.swift */ = {isa = PBXFileReference; lastKnownFileType = sourcecode.swift; path = LogTableViewCell.swift; sourceTree = "<group>"; };
		9DB7BCEF21A31ED3009B63B4 /* CreateAPlanViewController.swift */ = {isa = PBXFileReference; lastKnownFileType = sourcecode.swift; path = CreateAPlanViewController.swift; sourceTree = "<group>"; };
		9DB8ADFD219DD14D00D7D707 /* WatchViewController.swift */ = {isa = PBXFileReference; lastKnownFileType = sourcecode.swift; path = WatchViewController.swift; sourceTree = "<group>"; };
		9DB8ADFF219DDB0300D7D707 /* PeopleCollectionViewCell.swift */ = {isa = PBXFileReference; lastKnownFileType = sourcecode.swift; path = PeopleCollectionViewCell.swift; sourceTree = "<group>"; };
		9DB8AE02219DE6C000D7D707 /* VideosCollectionViewCell.swift */ = {isa = PBXFileReference; lastKnownFileType = sourcecode.swift; path = VideosCollectionViewCell.swift; sourceTree = "<group>"; };
		9DB8AE04219DE79200D7D707 /* VideoViewController.swift */ = {isa = PBXFileReference; lastKnownFileType = sourcecode.swift; path = VideoViewController.swift; sourceTree = "<group>"; };
		9DC0B27F21910AB900F56A1A /* ProjectTableViewCell.swift */ = {isa = PBXFileReference; lastKnownFileType = sourcecode.swift; path = ProjectTableViewCell.swift; sourceTree = "<group>"; };
		9DC0B28121920DC500F56A1A /* PlayerViewClass.swift */ = {isa = PBXFileReference; lastKnownFileType = sourcecode.swift; path = PlayerViewClass.swift; sourceTree = "<group>"; };
		9DC0B2842193553300F56A1A /* ExploreTableViewCell.swift */ = {isa = PBXFileReference; lastKnownFileType = sourcecode.swift; path = ExploreTableViewCell.swift; sourceTree = "<group>"; };
		9DC0B2862193556300F56A1A /* ExploreViewController.swift */ = {isa = PBXFileReference; lastKnownFileType = sourcecode.swift; path = ExploreViewController.swift; sourceTree = "<group>"; };
		9DC0B28E219360C100F56A1A /* PlansTableViewCell.swift */ = {isa = PBXFileReference; lastKnownFileType = sourcecode.swift; path = PlansTableViewCell.swift; sourceTree = "<group>"; };
		9DC0B290219360EC00F56A1A /* PlansViewController.swift */ = {isa = PBXFileReference; lastKnownFileType = sourcecode.swift; path = PlansViewController.swift; sourceTree = "<group>"; };
		9DD354D3217231BC003F828A /* ShakeToReportViewController.swift */ = {isa = PBXFileReference; lastKnownFileType = sourcecode.swift; path = ShakeToReportViewController.swift; sourceTree = "<group>"; };
		9DE270FB2195ED6100F119D6 /* PurchaseViewController.swift */ = {isa = PBXFileReference; lastKnownFileType = sourcecode.swift; path = PurchaseViewController.swift; sourceTree = "<group>"; };
		9DEA5F1721A0B820000137A3 /* ContacViewController.swift */ = {isa = PBXFileReference; lastKnownFileType = sourcecode.swift; path = ContacViewController.swift; sourceTree = "<group>"; };
		C5A42F47C5E03279E65B93BA /* Pods-Together.debug.xcconfig */ = {isa = PBXFileReference; includeInIndex = 1; lastKnownFileType = text.xcconfig; name = "Pods-Together.debug.xcconfig"; path = "Pods/Target Support Files/Pods-Together/Pods-Together.debug.xcconfig"; sourceTree = "<group>"; };
		D10CC21E67078F943D0D7487 /* Pods-Together.debug.xcconfig */ = {isa = PBXFileReference; includeInIndex = 1; lastKnownFileType = text.xcconfig; name = "Pods-Together.debug.xcconfig"; path = "Pods/Target Support Files/Pods-Together/Pods-Together.debug.xcconfig"; sourceTree = "<group>"; };
		F2942B7D3049A32B2E924492 /* Pods-TogetherUITests.release.xcconfig */ = {isa = PBXFileReference; includeInIndex = 1; lastKnownFileType = text.xcconfig; name = "Pods-TogetherUITests.release.xcconfig"; path = "Pods/Target Support Files/Pods-TogetherUITests/Pods-TogetherUITests.release.xcconfig"; sourceTree = "<group>"; };
		F4F77F043E6F7556DCD04DF8 /* Pods-Together.release.xcconfig */ = {isa = PBXFileReference; includeInIndex = 1; lastKnownFileType = text.xcconfig; name = "Pods-Together.release.xcconfig"; path = "Pods/Target Support Files/Pods-Together/Pods-Together.release.xcconfig"; sourceTree = "<group>"; };
		F5AED522BDB9F8FBB8DE7FE7 /* Pods_TogetherUITests.framework */ = {isa = PBXFileReference; explicitFileType = wrapper.framework; includeInIndex = 0; path = Pods_TogetherUITests.framework; sourceTree = BUILT_PRODUCTS_DIR; };
		FF94BDB77CB7D49C8D94610D /* Pods-TogetherTests.release.xcconfig */ = {isa = PBXFileReference; includeInIndex = 1; lastKnownFileType = text.xcconfig; name = "Pods-TogetherTests.release.xcconfig"; path = "Pods/Target Support Files/Pods-TogetherTests/Pods-TogetherTests.release.xcconfig"; sourceTree = "<group>"; };
/* End PBXFileReference section */

/* Begin PBXFrameworksBuildPhase section */
		9DB795BF21656B5300211327 /* Frameworks */ = {
			isa = PBXFrameworksBuildPhase;
			buildActionMask = 2147483647;
			files = (
				F730C0F4CFD34EE9240B5A7C /* Pods_Together.framework in Frameworks */,
				9D9E4A4721862B1700B3C74C /* StoreKit.framework in Frameworks */,
			);
			runOnlyForDeploymentPostprocessing = 0;
		};
		9DB795D321656B5700211327 /* Frameworks */ = {
			isa = PBXFrameworksBuildPhase;
			buildActionMask = 2147483647;
			files = (
				6BDE49D236B4D45BD8980441 /* Pods_TogetherTests.framework in Frameworks */,
			);
			runOnlyForDeploymentPostprocessing = 0;
		};
		9DB795DE21656B5700211327 /* Frameworks */ = {
			isa = PBXFrameworksBuildPhase;
			buildActionMask = 2147483647;
			files = (
				CDA65A340E0251A467ABD40B /* Pods_TogetherUITests.framework in Frameworks */,
			);
			runOnlyForDeploymentPostprocessing = 0;
		};
/* End PBXFrameworksBuildPhase section */

/* Begin PBXGroup section */
		5514E4B9AC3B4FC850CE2F9A /* Pods */ = {
			isa = PBXGroup;
			children = (
				D10CC21E67078F943D0D7487 /* Pods-Together.debug.xcconfig */,
				946746B00455D23BCECD7726 /* Pods-Together.release.xcconfig */,
				4A4C721F3979168079221256 /* Pods-TogetherTests.debug.xcconfig */,
				12E842E352A6B9D5EBFBD900 /* Pods-TogetherTests.release.xcconfig */,
				3E3F0B2429FD889F325EF44C /* Pods-TogetherUITests.debug.xcconfig */,
				52201B14299DAE10BE8BFAFC /* Pods-TogetherUITests.release.xcconfig */,
			);
			name = Pods;
			path = ..;
			sourceTree = "<group>";
		};
		5E2B4EACE3E6A6CF649758F7 /* Frameworks */ = {
			isa = PBXGroup;
			children = (
				9D9E4A4621862B1700B3C74C /* StoreKit.framework */,
				8BFCA9B94C66A654D51E53CF /* Pods_Together.framework */,
				0565EF7528CB7F17F4D99A00 /* Pods_TogetherTests.framework */,
				F5AED522BDB9F8FBB8DE7FE7 /* Pods_TogetherUITests.framework */,
			);
			name = Frameworks;
			sourceTree = "<group>";
		};
		7AA3BFD7ABD2114DCD8277E9 /* Pods */ = {
			isa = PBXGroup;
			children = (
				C5A42F47C5E03279E65B93BA /* Pods-Together.debug.xcconfig */,
				F4F77F043E6F7556DCD04DF8 /* Pods-Together.release.xcconfig */,
				18F0F86C70FA93755AA6C9C9 /* Pods-TogetherTests.debug.xcconfig */,
				FF94BDB77CB7D49C8D94610D /* Pods-TogetherTests.release.xcconfig */,
				69E892D4E4F7F75DA9E22302 /* Pods-TogetherUITests.debug.xcconfig */,
				F2942B7D3049A32B2E924492 /* Pods-TogetherUITests.release.xcconfig */,
			);
			name = Pods;
			sourceTree = "<group>";
		};
		9D46D843219B2142006CE94C /* Sign Up */ = {
			isa = PBXGroup;
			children = (
				9D5FD09021952BD5001B40E1 /* LoginViewController.swift */,
				9DB7BCEF21A31ED3009B63B4 /* CreateAPlanViewController.swift */,
			);
			path = "Sign Up";
			sourceTree = "<group>";
		};
		9D508C932186248100385462 /* Tomorrow's App Store */ = {
			isa = PBXGroup;
			children = (
				9D9E4A44218626F800B3C74C /* Discover2ViewController.swift */,
				9D714B8021834D9500A033EB /* DiscoverTableViewCell.swift */,
				9D519C8521835E5D0079F9CB /* ProjectViewController.swift */,
				9DC0B28121920DC500F56A1A /* PlayerViewClass.swift */,
				9D9E4A4A21864CC000B3C74C /* FundedViewController.swift */,
				9DC0B27F21910AB900F56A1A /* ProjectTableViewCell.swift */,
				9D519C8721835E8F0079F9CB /* ProjectCollectionViewCell.swift */,
			);
			path = "Tomorrow's App Store";
			sourceTree = "<group>";
		};
		9D508C942186249A00385462 /* Irrelevant */ = {
			isa = PBXGroup;
			children = (
				9D1EBF07217605AD004A566A /* FeedTableViewCell.swift */,
				9D451F7C216B948A009708D4 /* AnswersViewController.swift */,
				9DB795C721656B5300211327 /* ViewController.swift */,
				9D451F7E216B949A009708D4 /* AnswersTableViewCell.swift */,
				9D9019C7216FA81A00668852 /* RespondViewController.swift */,
				9DB795F321656CDF00211327 /* LogViewController.swift */,
				9DB795F521656CEB00211327 /* LogTableViewCell.swift */,
				9D8934C621740ABE001AEF8E /* QuestionsTableViewCell.swift */,
				9D8934C821740ACC001AEF8E /* QuestionsViewController.swift */,
				9D8934CA2174113F001AEF8E /* PromptViewController.swift */,
				9DD354D3217231BC003F828A /* ShakeToReportViewController.swift */,
				9D0F86A121710A6400AE5F18 /* Constants.swift */,
				9D8934C221728D1D001AEF8E /* HomeViewController.swift */,
				9D1EBF0321750F91004A566A /* MapViewController.swift */,
			);
			path = Irrelevant;
			sourceTree = "<group>";
		};
		9D69746D21B074D600F8E748 /* Jewelry */ = {
			isa = PBXGroup;
			children = (
				9D69747221B07DE400F8E748 /* ProductViewController.swift */,
				9D69747021B07DAA00F8E748 /* PricesCollectionViewCell.swift */,
				9D69746E21B07D1900F8E748 /* ProductTableViewCell.swift */,
				9DC0B2862193556300F56A1A /* ExploreViewController.swift */,
				9D46D84C219B29C0006CE94C /* OverviewViewController.swift */,
				9D46D84E219B2A02006CE94C /* OverviewCollectionViewCell.swift */,
			);
			path = Jewelry;
			sourceTree = "<group>";
		};
		9D6E91CA21A0CE290013BED6 /* Seller - V2 */ = {
			isa = PBXGroup;
			children = (
				9D5DD6BD2198A2FF0085F58A /* UploadViewController.swift */,
				9D5DBE3B219A26B8000C46FC /* RevenueViewController.swift */,
				9D9C665821A321B800309443 /* YourChannelViewController.swift */,
				9D5DBE3D219A31D5000C46FC /* EditProfileViewController.swift */,
				9D6E91CB21A0CE410013BED6 /* 2LoginViewController.swift */,
			);
			path = "Seller - V2";
			sourceTree = "<group>";
		};
		9DB795B921656B5300211327 = {
			isa = PBXGroup;
			children = (
				9D60C09821A34E24002BBF0C /* Test2ViewController.swift */,
				9DB795C421656B5300211327 /* Together */,
				9DB795D921656B5700211327 /* TogetherTests */,
				9DB795E421656B5700211327 /* TogetherUITests */,
				9DB795C321656B5300211327 /* Products */,
				5E2B4EACE3E6A6CF649758F7 /* Frameworks */,
				7AA3BFD7ABD2114DCD8277E9 /* Pods */,
			);
			sourceTree = "<group>";
		};
		9DB795C321656B5300211327 /* Products */ = {
			isa = PBXGroup;
			children = (
				9DB795C221656B5300211327 /* Together.app */,
				9DB795D621656B5700211327 /* TogetherTests.xctest */,
				9DB795E121656B5700211327 /* TogetherUITests.xctest */,
			);
			name = Products;
			sourceTree = "<group>";
		};
		9DB795C421656B5300211327 /* Together */ = {
			isa = PBXGroup;
			children = (
				9D69746D21B074D600F8E748 /* Jewelry */,
				9D8311802197DDA2003CC76C /* Together.entitlements */,
				9DB795C521656B5300211327 /* AppDelegate.swift */,
				5514E4B9AC3B4FC850CE2F9A /* Pods */,
				9DB795C921656B5300211327 /* Main.storyboard */,
				9D451F80216B96B6009708D4 /* AskViewController.swift */,
				9DC0B2832193550B00F56A1A /* FAM */,
				9D508C942186249A00385462 /* Irrelevant */,
				9D508C932186248100385462 /* Tomorrow's App Store */,
				9DB795CC21656B5600211327 /* Assets.xcassets */,
				9DB795CE21656B5600211327 /* LaunchScreen.storyboard */,
				9DB795D121656B5700211327 /* Info.plist */,
				9D60C09A21A455F5002BBF0C /* GoogleService-Info.plist */,
			);
			path = Together;
			sourceTree = "<group>";
		};
		9DB795D921656B5700211327 /* TogetherTests */ = {
			isa = PBXGroup;
			children = (
				9DB795DA21656B5700211327 /* TogetherTests.swift */,
				9DB795DC21656B5700211327 /* Info.plist */,
			);
			path = TogetherTests;
			sourceTree = "<group>";
		};
		9DB795E421656B5700211327 /* TogetherUITests */ = {
			isa = PBXGroup;
			children = (
				9DB795E521656B5700211327 /* TogetherUITests.swift */,
				9DB795E721656B5700211327 /* Info.plist */,
			);
			path = TogetherUITests;
			sourceTree = "<group>";
		};
		9DB8AE01219DDB9400D7D707 /* Buyer - V2 */ = {
			isa = PBXGroup;
			children = (
				9DB8ADFF219DDB0300D7D707 /* PeopleCollectionViewCell.swift */,
				9D5FD08E2194E794001B40E1 /* MyFamViewController.swift */,
				9D7D45102199F4D300FEBC1A /* InfluencerCreateViewController.swift */,
				9DB8AE02219DE6C000D7D707 /* VideosCollectionViewCell.swift */,
				9DB8AE04219DE79200D7D707 /* VideoViewController.swift */,
				9DE270FB2195ED6100F119D6 /* PurchaseViewController.swift */,
				9D60C09C21A46275002BBF0C /* BuyerLoginViewController.swift */,
				9DB8ADFD219DD14D00D7D707 /* WatchViewController.swift */,
			);
			path = "Buyer - V2";
			sourceTree = "<group>";
		};
		9DC0B2832193550B00F56A1A /* FAM */ = {
			isa = PBXGroup;
			children = (
				9DB8AE01219DDB9400D7D707 /* Buyer - V2 */,
				9D46D843219B2142006CE94C /* Sign Up */,
				9DC0B2842193553300F56A1A /* ExploreTableViewCell.swift */,
				9D6E91CA21A0CE290013BED6 /* Seller - V2 */,
				9D5FD08A21949795001B40E1 /* AboutViewController.swift */,
				9DB4D29321965344008A57FD /* VideoPlayerView.swift */,
				9D5FD088219496CB001B40E1 /* AboutTableViewCell.swift */,
				9DC0B28E219360C100F56A1A /* PlansTableViewCell.swift */,
				9DC0B290219360EC00F56A1A /* PlansViewController.swift */,
				9D5FD08C2194E14B001B40E1 /* SettingsViewController.swift */,
				9D7A6A67219C7BE400FBEC22 /* TabInfluencerViewController.swift */,
				9DEA5F1721A0B820000137A3 /* ContacViewController.swift */,
				9D5DBE3F219A35CA000C46FC /* UpdateProfileViewController.swift */,
				9D6E91CD21A0F0BD0013BED6 /* TestViewController.swift */,
			);
			path = FAM;
			sourceTree = "<group>";
		};
/* End PBXGroup section */

/* Begin PBXNativeTarget section */
		9DB795C121656B5300211327 /* Together */ = {
			isa = PBXNativeTarget;
			buildConfigurationList = 9DB795EA21656B5700211327 /* Build configuration list for PBXNativeTarget "Together" */;
			buildPhases = (
				425D1238C4E5058509E4F7A3 /* [CP] Check Pods Manifest.lock */,
				9DB795BE21656B5300211327 /* Sources */,
				9DB795BF21656B5300211327 /* Frameworks */,
				9DB795C021656B5300211327 /* Resources */,
				E90F3C48C9DF829EE90877B3 /* [CP] Embed Pods Frameworks */,
			);
			buildRules = (
			);
			dependencies = (
			);
			name = Together;
			productName = Together;
			productReference = 9DB795C221656B5300211327 /* Together.app */;
			productType = "com.apple.product-type.application";
		};
		9DB795D521656B5700211327 /* TogetherTests */ = {
			isa = PBXNativeTarget;
			buildConfigurationList = 9DB795ED21656B5700211327 /* Build configuration list for PBXNativeTarget "TogetherTests" */;
			buildPhases = (
				6AD7426C11DBEC771DEB4B1F /* [CP] Check Pods Manifest.lock */,
				9DB795D221656B5700211327 /* Sources */,
				9DB795D321656B5700211327 /* Frameworks */,
				9DB795D421656B5700211327 /* Resources */,
			);
			buildRules = (
			);
			dependencies = (
				9DB795D821656B5700211327 /* PBXTargetDependency */,
			);
			name = TogetherTests;
			productName = TogetherTests;
			productReference = 9DB795D621656B5700211327 /* TogetherTests.xctest */;
			productType = "com.apple.product-type.bundle.unit-test";
		};
		9DB795E021656B5700211327 /* TogetherUITests */ = {
			isa = PBXNativeTarget;
			buildConfigurationList = 9DB795F021656B5700211327 /* Build configuration list for PBXNativeTarget "TogetherUITests" */;
			buildPhases = (
				787F277B9D33BCE23D796127 /* [CP] Check Pods Manifest.lock */,
				9DB795DD21656B5700211327 /* Sources */,
				9DB795DE21656B5700211327 /* Frameworks */,
				9DB795DF21656B5700211327 /* Resources */,
			);
			buildRules = (
			);
			dependencies = (
				9DB795E321656B5700211327 /* PBXTargetDependency */,
			);
			name = TogetherUITests;
			productName = TogetherUITests;
			productReference = 9DB795E121656B5700211327 /* TogetherUITests.xctest */;
			productType = "com.apple.product-type.bundle.ui-testing";
		};
/* End PBXNativeTarget section */

/* Begin PBXProject section */
		9DB795BA21656B5300211327 /* Project object */ = {
			isa = PBXProject;
			attributes = {
				LastSwiftUpdateCheck = 0940;
				LastUpgradeCheck = 0940;
				ORGANIZATIONNAME = "AA Tech";
				TargetAttributes = {
					9DB795C121656B5300211327 = {
						CreatedOnToolsVersion = 9.4.1;
						SystemCapabilities = {
							com.apple.ApplePay = {
								enabled = 0;
							};
							com.apple.InAppPurchase = {
								enabled = 1;
							};
							com.apple.SafariKeychain = {
								enabled = 1;
							};
						};
					};
					9DB795D521656B5700211327 = {
						CreatedOnToolsVersion = 9.4.1;
						TestTargetID = 9DB795C121656B5300211327;
					};
					9DB795E021656B5700211327 = {
						CreatedOnToolsVersion = 9.4.1;
						TestTargetID = 9DB795C121656B5300211327;
					};
				};
			};
			buildConfigurationList = 9DB795BD21656B5300211327 /* Build configuration list for PBXProject "Together" */;
			compatibilityVersion = "Xcode 9.3";
			developmentRegion = en;
			hasScannedForEncodings = 0;
			knownRegions = (
				en,
				Base,
			);
			mainGroup = 9DB795B921656B5300211327;
			productRefGroup = 9DB795C321656B5300211327 /* Products */;
			projectDirPath = "";
			projectRoot = "";
			targets = (
				9DB795C121656B5300211327 /* Together */,
				9DB795D521656B5700211327 /* TogetherTests */,
				9DB795E021656B5700211327 /* TogetherUITests */,
			);
		};
/* End PBXProject section */

/* Begin PBXResourcesBuildPhase section */
		9DB795C021656B5300211327 /* Resources */ = {
			isa = PBXResourcesBuildPhase;
			buildActionMask = 2147483647;
			files = (
				9D60C09B21A455F6002BBF0C /* GoogleService-Info.plist in Resources */,
				9DB795D021656B5600211327 /* LaunchScreen.storyboard in Resources */,
				9DB795CD21656B5600211327 /* Assets.xcassets in Resources */,
				9DB795CB21656B5300211327 /* Main.storyboard in Resources */,
			);
			runOnlyForDeploymentPostprocessing = 0;
		};
		9DB795D421656B5700211327 /* Resources */ = {
			isa = PBXResourcesBuildPhase;
			buildActionMask = 2147483647;
			files = (
			);
			runOnlyForDeploymentPostprocessing = 0;
		};
		9DB795DF21656B5700211327 /* Resources */ = {
			isa = PBXResourcesBuildPhase;
			buildActionMask = 2147483647;
			files = (
			);
			runOnlyForDeploymentPostprocessing = 0;
		};
/* End PBXResourcesBuildPhase section */

/* Begin PBXShellScriptBuildPhase section */
		425D1238C4E5058509E4F7A3 /* [CP] Check Pods Manifest.lock */ = {
			isa = PBXShellScriptBuildPhase;
			buildActionMask = 2147483647;
			files = (
			);
			inputPaths = (
				"${PODS_PODFILE_DIR_PATH}/Podfile.lock",
				"${PODS_ROOT}/Manifest.lock",
			);
			name = "[CP] Check Pods Manifest.lock";
			outputPaths = (
				"$(DERIVED_FILE_DIR)/Pods-Together-checkManifestLockResult.txt",
			);
			runOnlyForDeploymentPostprocessing = 0;
			shellPath = /bin/sh;
			shellScript = "diff \"${PODS_PODFILE_DIR_PATH}/Podfile.lock\" \"${PODS_ROOT}/Manifest.lock\" > /dev/null\nif [ $? != 0 ] ; then\n    # print error to STDERR\n    echo \"error: The sandbox is not in sync with the Podfile.lock. Run 'pod install' or update your CocoaPods installation.\" >&2\n    exit 1\nfi\n# This output is used by Xcode 'outputs' to avoid re-running this script phase.\necho \"SUCCESS\" > \"${SCRIPT_OUTPUT_FILE_0}\"\n";
			showEnvVarsInLog = 0;
		};
		6AD7426C11DBEC771DEB4B1F /* [CP] Check Pods Manifest.lock */ = {
			isa = PBXShellScriptBuildPhase;
			buildActionMask = 2147483647;
			files = (
			);
			inputPaths = (
				"${PODS_PODFILE_DIR_PATH}/Podfile.lock",
				"${PODS_ROOT}/Manifest.lock",
			);
			name = "[CP] Check Pods Manifest.lock";
			outputPaths = (
				"$(DERIVED_FILE_DIR)/Pods-TogetherTests-checkManifestLockResult.txt",
			);
			runOnlyForDeploymentPostprocessing = 0;
			shellPath = /bin/sh;
			shellScript = "diff \"${PODS_PODFILE_DIR_PATH}/Podfile.lock\" \"${PODS_ROOT}/Manifest.lock\" > /dev/null\nif [ $? != 0 ] ; then\n    # print error to STDERR\n    echo \"error: The sandbox is not in sync with the Podfile.lock. Run 'pod install' or update your CocoaPods installation.\" >&2\n    exit 1\nfi\n# This output is used by Xcode 'outputs' to avoid re-running this script phase.\necho \"SUCCESS\" > \"${SCRIPT_OUTPUT_FILE_0}\"\n";
			showEnvVarsInLog = 0;
		};
		787F277B9D33BCE23D796127 /* [CP] Check Pods Manifest.lock */ = {
			isa = PBXShellScriptBuildPhase;
			buildActionMask = 2147483647;
			files = (
			);
			inputPaths = (
				"${PODS_PODFILE_DIR_PATH}/Podfile.lock",
				"${PODS_ROOT}/Manifest.lock",
			);
			name = "[CP] Check Pods Manifest.lock";
			outputPaths = (
				"$(DERIVED_FILE_DIR)/Pods-TogetherUITests-checkManifestLockResult.txt",
			);
			runOnlyForDeploymentPostprocessing = 0;
			shellPath = /bin/sh;
			shellScript = "diff \"${PODS_PODFILE_DIR_PATH}/Podfile.lock\" \"${PODS_ROOT}/Manifest.lock\" > /dev/null\nif [ $? != 0 ] ; then\n    # print error to STDERR\n    echo \"error: The sandbox is not in sync with the Podfile.lock. Run 'pod install' or update your CocoaPods installation.\" >&2\n    exit 1\nfi\n# This output is used by Xcode 'outputs' to avoid re-running this script phase.\necho \"SUCCESS\" > \"${SCRIPT_OUTPUT_FILE_0}\"\n";
			showEnvVarsInLog = 0;
		};
		E90F3C48C9DF829EE90877B3 /* [CP] Embed Pods Frameworks */ = {
			isa = PBXShellScriptBuildPhase;
			buildActionMask = 2147483647;
			files = (
			);
			inputPaths = (
				"${SRCROOT}/Pods/Target Support Files/Pods-Together/Pods-Together-frameworks.sh",
				"${BUILT_PRODUCTS_DIR}/Bolts/Bolts.framework",
				"${BUILT_PRODUCTS_DIR}/FBSDKCoreKit/FBSDKCoreKit.framework",
				"${BUILT_PRODUCTS_DIR}/GTMSessionFetcher/GTMSessionFetcher.framework",
				"${BUILT_PRODUCTS_DIR}/GoogleUtilities/GoogleUtilities.framework",
				"${BUILT_PRODUCTS_DIR}/IQKeyboardManager/IQKeyboardManager.framework",
				"${BUILT_PRODUCTS_DIR}/Protobuf/Protobuf.framework",
				"${BUILT_PRODUCTS_DIR}/PryntTrimmerView/PryntTrimmerView.framework",
				"${BUILT_PRODUCTS_DIR}/Purchases/Purchases.framework",
				"${BUILT_PRODUCTS_DIR}/SteviaLayout/Stevia.framework",
				"${BUILT_PRODUCTS_DIR}/YPImagePicker/YPImagePicker.framework",
				"${BUILT_PRODUCTS_DIR}/leveldb-library/leveldb.framework",
				"${BUILT_PRODUCTS_DIR}/nanopb/nanopb.framework",
			);
			name = "[CP] Embed Pods Frameworks";
			outputPaths = (
				"${TARGET_BUILD_DIR}/${FRAMEWORKS_FOLDER_PATH}/Bolts.framework",
				"${TARGET_BUILD_DIR}/${FRAMEWORKS_FOLDER_PATH}/FBSDKCoreKit.framework",
				"${TARGET_BUILD_DIR}/${FRAMEWORKS_FOLDER_PATH}/GTMSessionFetcher.framework",
				"${TARGET_BUILD_DIR}/${FRAMEWORKS_FOLDER_PATH}/GoogleUtilities.framework",
				"${TARGET_BUILD_DIR}/${FRAMEWORKS_FOLDER_PATH}/IQKeyboardManager.framework",
				"${TARGET_BUILD_DIR}/${FRAMEWORKS_FOLDER_PATH}/Protobuf.framework",
				"${TARGET_BUILD_DIR}/${FRAMEWORKS_FOLDER_PATH}/PryntTrimmerView.framework",
				"${TARGET_BUILD_DIR}/${FRAMEWORKS_FOLDER_PATH}/Purchases.framework",
				"${TARGET_BUILD_DIR}/${FRAMEWORKS_FOLDER_PATH}/Stevia.framework",
				"${TARGET_BUILD_DIR}/${FRAMEWORKS_FOLDER_PATH}/YPImagePicker.framework",
				"${TARGET_BUILD_DIR}/${FRAMEWORKS_FOLDER_PATH}/leveldb.framework",
				"${TARGET_BUILD_DIR}/${FRAMEWORKS_FOLDER_PATH}/nanopb.framework",
			);
			runOnlyForDeploymentPostprocessing = 0;
			shellPath = /bin/sh;
			shellScript = "\"${SRCROOT}/Pods/Target Support Files/Pods-Together/Pods-Together-frameworks.sh\"\n";
			showEnvVarsInLog = 0;
		};
/* End PBXShellScriptBuildPhase section */

/* Begin PBXSourcesBuildPhase section */
		9DB795BE21656B5300211327 /* Sources */ = {
			isa = PBXSourcesBuildPhase;
			buildActionMask = 2147483647;
			files = (
				9D5DBE40219A35CA000C46FC /* UpdateProfileViewController.swift in Sources */,
				9D7A6A68219C7BE400FBEC22 /* TabInfluencerViewController.swift in Sources */,
				9D46D84D219B29C0006CE94C /* OverviewViewController.swift in Sources */,
				9D9E4A4B21864CC000B3C74C /* FundedViewController.swift in Sources */,
				9D5DD6BE2198A2FF0085F58A /* UploadViewController.swift in Sources */,
				9D9E4A45218626F800B3C74C /* Discover2ViewController.swift in Sources */,
				9D9019C8216FA81A00668852 /* RespondViewController.swift in Sources */,
				9DE270FC2195ED6100F119D6 /* PurchaseViewController.swift in Sources */,
				9DB8ADFE219DD14D00D7D707 /* WatchViewController.swift in Sources */,
				9D1EBF08217605AD004A566A /* FeedTableViewCell.swift in Sources */,
				9DD354D4217231BC003F828A /* ShakeToReportViewController.swift in Sources */,
				9D69747121B07DAB00F8E748 /* PricesCollectionViewCell.swift in Sources */,
				9DC0B28221920DC500F56A1A /* PlayerViewClass.swift in Sources */,
				9D714B8121834D9500A033EB /* DiscoverTableViewCell.swift in Sources */,
				9D60C09921A34E24002BBF0C /* Test2ViewController.swift in Sources */,
				9DB795F421656CDF00211327 /* LogViewController.swift in Sources */,
				9D6E91CE21A0F0BD0013BED6 /* TestViewController.swift in Sources */,
				9D8934C721740ABE001AEF8E /* QuestionsTableViewCell.swift in Sources */,
				9D60C09D21A46275002BBF0C /* BuyerLoginViewController.swift in Sources */,
				9DC0B2872193556300F56A1A /* ExploreViewController.swift in Sources */,
				9D8934CB21741140001AEF8E /* PromptViewController.swift in Sources */,
				9DB795C821656B5300211327 /* ViewController.swift in Sources */,
				9DB8AE05219DE79200D7D707 /* VideoViewController.swift in Sources */,
				9D5FD08F2194E794001B40E1 /* MyFamViewController.swift in Sources */,
				9DB795F621656CEB00211327 /* LogTableViewCell.swift in Sources */,
				9D519C8621835E5D0079F9CB /* ProjectViewController.swift in Sources */,
				9DB8AE00219DDB0300D7D707 /* PeopleCollectionViewCell.swift in Sources */,
				9D519C8821835E8F0079F9CB /* ProjectCollectionViewCell.swift in Sources */,
				9D0F86A221710A6400AE5F18 /* Constants.swift in Sources */,
				9DC0B2852193553300F56A1A /* ExploreTableViewCell.swift in Sources */,
				9D5FD08B21949795001B40E1 /* AboutViewController.swift in Sources */,
				9D451F7F216B949A009708D4 /* AnswersTableViewCell.swift in Sources */,
				9D5FD09121952BD5001B40E1 /* LoginViewController.swift in Sources */,
				9D5FD08D2194E14B001B40E1 /* SettingsViewController.swift in Sources */,
				9DB795C621656B5300211327 /* AppDelegate.swift in Sources */,
				9D6E91CC21A0CE410013BED6 /* 2LoginViewController.swift in Sources */,
				9DC0B28F219360C200F56A1A /* PlansTableViewCell.swift in Sources */,
				9D46D84F219B2A02006CE94C /* OverviewCollectionViewCell.swift in Sources */,
				9D69747321B07DE500F8E748 /* ProductViewController.swift in Sources */,
				9D5DBE3E219A31D5000C46FC /* EditProfileViewController.swift in Sources */,
				9DC0B291219360EC00F56A1A /* PlansViewController.swift in Sources */,
				9D5FD089219496CB001B40E1 /* AboutTableViewCell.swift in Sources */,
				9D8934C921740ACC001AEF8E /* QuestionsViewController.swift in Sources */,
				9D451F7D216B948A009708D4 /* AnswersViewController.swift in Sources */,
				9D451F81216B96B6009708D4 /* AskViewController.swift in Sources */,
				9D9C665921A321B800309443 /* YourChannelViewController.swift in Sources */,
				9D5DBE3C219A26B8000C46FC /* RevenueViewController.swift in Sources */,
				9DC0B28021910AB900F56A1A /* ProjectTableViewCell.swift in Sources */,
				9DB8AE03219DE6C000D7D707 /* VideosCollectionViewCell.swift in Sources */,
				9D69746F21B07D1900F8E748 /* ProductTableViewCell.swift in Sources */,
				9D8934C321728D1D001AEF8E /* HomeViewController.swift in Sources */,
				9DB7BCF021A31ED3009B63B4 /* CreateAPlanViewController.swift in Sources */,
				9D7D45112199F4D300FEBC1A /* InfluencerCreateViewController.swift in Sources */,
				9D1EBF0421750F91004A566A /* MapViewController.swift in Sources */,
				9DB4D29421965344008A57FD /* VideoPlayerView.swift in Sources */,
				9DEA5F1821A0B820000137A3 /* ContacViewController.swift in Sources */,
			);
			runOnlyForDeploymentPostprocessing = 0;
		};
		9DB795D221656B5700211327 /* Sources */ = {
			isa = PBXSourcesBuildPhase;
			buildActionMask = 2147483647;
			files = (
				9DB795DB21656B5700211327 /* TogetherTests.swift in Sources */,
			);
			runOnlyForDeploymentPostprocessing = 0;
		};
		9DB795DD21656B5700211327 /* Sources */ = {
			isa = PBXSourcesBuildPhase;
			buildActionMask = 2147483647;
			files = (
				9DB795E621656B5700211327 /* TogetherUITests.swift in Sources */,
			);
			runOnlyForDeploymentPostprocessing = 0;
		};
/* End PBXSourcesBuildPhase section */

/* Begin PBXTargetDependency section */
		9DB795D821656B5700211327 /* PBXTargetDependency */ = {
			isa = PBXTargetDependency;
			target = 9DB795C121656B5300211327 /* Together */;
			targetProxy = 9DB795D721656B5700211327 /* PBXContainerItemProxy */;
		};
		9DB795E321656B5700211327 /* PBXTargetDependency */ = {
			isa = PBXTargetDependency;
			target = 9DB795C121656B5300211327 /* Together */;
			targetProxy = 9DB795E221656B5700211327 /* PBXContainerItemProxy */;
		};
/* End PBXTargetDependency section */

/* Begin PBXVariantGroup section */
		9DB795C921656B5300211327 /* Main.storyboard */ = {
			isa = PBXVariantGroup;
			children = (
				9DB795CA21656B5300211327 /* Base */,
			);
			name = Main.storyboard;
			sourceTree = "<group>";
		};
		9DB795CE21656B5600211327 /* LaunchScreen.storyboard */ = {
			isa = PBXVariantGroup;
			children = (
				9DB795CF21656B5600211327 /* Base */,
			);
			name = LaunchScreen.storyboard;
			sourceTree = "<group>";
		};
/* End PBXVariantGroup section */

/* Begin XCBuildConfiguration section */
		9DB795E821656B5700211327 /* Debug */ = {
			isa = XCBuildConfiguration;
			buildSettings = {
				ALWAYS_SEARCH_USER_PATHS = NO;
				CLANG_ANALYZER_NONNULL = YES;
				CLANG_ANALYZER_NUMBER_OBJECT_CONVERSION = YES_AGGRESSIVE;
				CLANG_CXX_LANGUAGE_STANDARD = "gnu++14";
				CLANG_CXX_LIBRARY = "libc++";
				CLANG_ENABLE_MODULES = YES;
				CLANG_ENABLE_OBJC_ARC = YES;
				CLANG_ENABLE_OBJC_WEAK = YES;
				CLANG_WARN_BLOCK_CAPTURE_AUTORELEASING = YES;
				CLANG_WARN_BOOL_CONVERSION = YES;
				CLANG_WARN_COMMA = YES;
				CLANG_WARN_CONSTANT_CONVERSION = YES;
				CLANG_WARN_DEPRECATED_OBJC_IMPLEMENTATIONS = YES;
				CLANG_WARN_DIRECT_OBJC_ISA_USAGE = YES_ERROR;
				CLANG_WARN_DOCUMENTATION_COMMENTS = YES;
				CLANG_WARN_EMPTY_BODY = YES;
				CLANG_WARN_ENUM_CONVERSION = YES;
				CLANG_WARN_INFINITE_RECURSION = YES;
				CLANG_WARN_INT_CONVERSION = YES;
				CLANG_WARN_NON_LITERAL_NULL_CONVERSION = YES;
				CLANG_WARN_OBJC_IMPLICIT_RETAIN_SELF = YES;
				CLANG_WARN_OBJC_LITERAL_CONVERSION = YES;
				CLANG_WARN_OBJC_ROOT_CLASS = YES_ERROR;
				CLANG_WARN_RANGE_LOOP_ANALYSIS = YES;
				CLANG_WARN_STRICT_PROTOTYPES = YES;
				CLANG_WARN_SUSPICIOUS_MOVE = YES;
				CLANG_WARN_UNGUARDED_AVAILABILITY = YES_AGGRESSIVE;
				CLANG_WARN_UNREACHABLE_CODE = YES;
				CLANG_WARN__DUPLICATE_METHOD_MATCH = YES;
				CODE_SIGN_IDENTITY = "iPhone Developer";
				COPY_PHASE_STRIP = NO;
				DEBUG_INFORMATION_FORMAT = dwarf;
				ENABLE_STRICT_OBJC_MSGSEND = YES;
				ENABLE_TESTABILITY = YES;
				GCC_C_LANGUAGE_STANDARD = gnu11;
				GCC_DYNAMIC_NO_PIC = NO;
				GCC_NO_COMMON_BLOCKS = YES;
				GCC_OPTIMIZATION_LEVEL = 0;
				GCC_PREPROCESSOR_DEFINITIONS = (
					"DEBUG=1",
					"$(inherited)",
				);
				GCC_WARN_64_TO_32_BIT_CONVERSION = YES;
				GCC_WARN_ABOUT_RETURN_TYPE = YES_ERROR;
				GCC_WARN_UNDECLARED_SELECTOR = YES;
				GCC_WARN_UNINITIALIZED_AUTOS = YES_AGGRESSIVE;
				GCC_WARN_UNUSED_FUNCTION = YES;
				GCC_WARN_UNUSED_VARIABLE = YES;
				IPHONEOS_DEPLOYMENT_TARGET = 11.4;
				MTL_ENABLE_DEBUG_INFO = YES;
				ONLY_ACTIVE_ARCH = YES;
				SDKROOT = iphoneos;
				SWIFT_ACTIVE_COMPILATION_CONDITIONS = DEBUG;
				SWIFT_OPTIMIZATION_LEVEL = "-Onone";
			};
			name = Debug;
		};
		9DB795E921656B5700211327 /* Release */ = {
			isa = XCBuildConfiguration;
			buildSettings = {
				ALWAYS_SEARCH_USER_PATHS = NO;
				CLANG_ANALYZER_NONNULL = YES;
				CLANG_ANALYZER_NUMBER_OBJECT_CONVERSION = YES_AGGRESSIVE;
				CLANG_CXX_LANGUAGE_STANDARD = "gnu++14";
				CLANG_CXX_LIBRARY = "libc++";
				CLANG_ENABLE_MODULES = YES;
				CLANG_ENABLE_OBJC_ARC = YES;
				CLANG_ENABLE_OBJC_WEAK = YES;
				CLANG_WARN_BLOCK_CAPTURE_AUTORELEASING = YES;
				CLANG_WARN_BOOL_CONVERSION = YES;
				CLANG_WARN_COMMA = YES;
				CLANG_WARN_CONSTANT_CONVERSION = YES;
				CLANG_WARN_DEPRECATED_OBJC_IMPLEMENTATIONS = YES;
				CLANG_WARN_DIRECT_OBJC_ISA_USAGE = YES_ERROR;
				CLANG_WARN_DOCUMENTATION_COMMENTS = YES;
				CLANG_WARN_EMPTY_BODY = YES;
				CLANG_WARN_ENUM_CONVERSION = YES;
				CLANG_WARN_INFINITE_RECURSION = YES;
				CLANG_WARN_INT_CONVERSION = YES;
				CLANG_WARN_NON_LITERAL_NULL_CONVERSION = YES;
				CLANG_WARN_OBJC_IMPLICIT_RETAIN_SELF = YES;
				CLANG_WARN_OBJC_LITERAL_CONVERSION = YES;
				CLANG_WARN_OBJC_ROOT_CLASS = YES_ERROR;
				CLANG_WARN_RANGE_LOOP_ANALYSIS = YES;
				CLANG_WARN_STRICT_PROTOTYPES = YES;
				CLANG_WARN_SUSPICIOUS_MOVE = YES;
				CLANG_WARN_UNGUARDED_AVAILABILITY = YES_AGGRESSIVE;
				CLANG_WARN_UNREACHABLE_CODE = YES;
				CLANG_WARN__DUPLICATE_METHOD_MATCH = YES;
				CODE_SIGN_IDENTITY = "iPhone Developer";
				COPY_PHASE_STRIP = NO;
				DEBUG_INFORMATION_FORMAT = "dwarf-with-dsym";
				ENABLE_NS_ASSERTIONS = NO;
				ENABLE_STRICT_OBJC_MSGSEND = YES;
				GCC_C_LANGUAGE_STANDARD = gnu11;
				GCC_NO_COMMON_BLOCKS = YES;
				GCC_WARN_64_TO_32_BIT_CONVERSION = YES;
				GCC_WARN_ABOUT_RETURN_TYPE = YES_ERROR;
				GCC_WARN_UNDECLARED_SELECTOR = YES;
				GCC_WARN_UNINITIALIZED_AUTOS = YES_AGGRESSIVE;
				GCC_WARN_UNUSED_FUNCTION = YES;
				GCC_WARN_UNUSED_VARIABLE = YES;
				IPHONEOS_DEPLOYMENT_TARGET = 11.4;
				MTL_ENABLE_DEBUG_INFO = NO;
				SDKROOT = iphoneos;
				SWIFT_COMPILATION_MODE = wholemodule;
				SWIFT_OPTIMIZATION_LEVEL = "-O";
				VALIDATE_PRODUCT = YES;
			};
			name = Release;
		};
		9DB795EB21656B5700211327 /* Debug */ = {
			isa = XCBuildConfiguration;
			baseConfigurationReference = D10CC21E67078F943D0D7487 /* Pods-Together.debug.xcconfig */;
			buildSettings = {
				ASSETCATALOG_COMPILER_APPICON_NAME = "AppIcon-6";
				CODE_SIGN_ENTITLEMENTS = Together/Together.entitlements;
				CODE_SIGN_STYLE = Automatic;
				DEVELOPMENT_TEAM = 797Q3HJ5U5;
				INFOPLIST_FILE = Together/Info.plist;
				IPHONEOS_DEPLOYMENT_TARGET = 11.0;
				LD_RUNPATH_SEARCH_PATHS = (
					"$(inherited)",
					"@executable_path/Frameworks",
				);
				PRODUCT_BUNDLE_IDENTIFIER = com.aatech.Fam;
				PRODUCT_NAME = "$(TARGET_NAME)";
				SWIFT_VERSION = 4.0;
				TARGETED_DEVICE_FAMILY = "1,2";
			};
			name = Debug;
		};
		9DB795EC21656B5700211327 /* Release */ = {
			isa = XCBuildConfiguration;
			baseConfigurationReference = 946746B00455D23BCECD7726 /* Pods-Together.release.xcconfig */;
			buildSettings = {
				ASSETCATALOG_COMPILER_APPICON_NAME = "AppIcon-6";
				CODE_SIGN_ENTITLEMENTS = Together/Together.entitlements;
				CODE_SIGN_STYLE = Automatic;
				DEVELOPMENT_TEAM = 797Q3HJ5U5;
				INFOPLIST_FILE = Together/Info.plist;
				IPHONEOS_DEPLOYMENT_TARGET = 11.0;
				LD_RUNPATH_SEARCH_PATHS = (
					"$(inherited)",
					"@executable_path/Frameworks",
				);
				PRODUCT_BUNDLE_IDENTIFIER = com.aatech.Fam;
				PRODUCT_NAME = "$(TARGET_NAME)";
				SWIFT_VERSION = 4.0;
				TARGETED_DEVICE_FAMILY = "1,2";
			};
			name = Release;
		};
		9DB795EE21656B5700211327 /* Debug */ = {
			isa = XCBuildConfiguration;
			baseConfigurationReference = 4A4C721F3979168079221256 /* Pods-TogetherTests.debug.xcconfig */;
			buildSettings = {
				ALWAYS_EMBED_SWIFT_STANDARD_LIBRARIES = YES;
				BUNDLE_LOADER = "$(TEST_HOST)";
				CODE_SIGN_STYLE = Automatic;
				DEVELOPMENT_TEAM = 797Q3HJ5U5;
				INFOPLIST_FILE = TogetherTests/Info.plist;
				LD_RUNPATH_SEARCH_PATHS = (
					"$(inherited)",
					"@executable_path/Frameworks",
					"@loader_path/Frameworks",
				);
				PRODUCT_BUNDLE_IDENTIFIER = com.aatech.TogetherTests;
				PRODUCT_NAME = "$(TARGET_NAME)";
				SWIFT_VERSION = 4.0;
				TARGETED_DEVICE_FAMILY = "1,2";
				TEST_HOST = "$(BUILT_PRODUCTS_DIR)/Together.app/Together";
			};
			name = Debug;
		};
		9DB795EF21656B5700211327 /* Release */ = {
			isa = XCBuildConfiguration;
			baseConfigurationReference = 12E842E352A6B9D5EBFBD900 /* Pods-TogetherTests.release.xcconfig */;
			buildSettings = {
				ALWAYS_EMBED_SWIFT_STANDARD_LIBRARIES = YES;
				BUNDLE_LOADER = "$(TEST_HOST)";
				CODE_SIGN_STYLE = Automatic;
				DEVELOPMENT_TEAM = 797Q3HJ5U5;
				INFOPLIST_FILE = TogetherTests/Info.plist;
				LD_RUNPATH_SEARCH_PATHS = (
					"$(inherited)",
					"@executable_path/Frameworks",
					"@loader_path/Frameworks",
				);
				PRODUCT_BUNDLE_IDENTIFIER = com.aatech.TogetherTests;
				PRODUCT_NAME = "$(TARGET_NAME)";
				SWIFT_VERSION = 4.0;
				TARGETED_DEVICE_FAMILY = "1,2";
				TEST_HOST = "$(BUILT_PRODUCTS_DIR)/Together.app/Together";
			};
			name = Release;
		};
		9DB795F121656B5700211327 /* Debug */ = {
			isa = XCBuildConfiguration;
			baseConfigurationReference = 3E3F0B2429FD889F325EF44C /* Pods-TogetherUITests.debug.xcconfig */;
			buildSettings = {
				ALWAYS_EMBED_SWIFT_STANDARD_LIBRARIES = YES;
				CODE_SIGN_STYLE = Automatic;
				DEVELOPMENT_TEAM = 797Q3HJ5U5;
				INFOPLIST_FILE = TogetherUITests/Info.plist;
				LD_RUNPATH_SEARCH_PATHS = (
					"$(inherited)",
					"@executable_path/Frameworks",
					"@loader_path/Frameworks",
				);
				PRODUCT_BUNDLE_IDENTIFIER = com.aatech.TogetherUITests;
				PRODUCT_NAME = "$(TARGET_NAME)";
				SWIFT_VERSION = 4.0;
				TARGETED_DEVICE_FAMILY = "1,2";
				TEST_TARGET_NAME = Together;
			};
			name = Debug;
		};
		9DB795F221656B5700211327 /* Release */ = {
			isa = XCBuildConfiguration;
			baseConfigurationReference = 52201B14299DAE10BE8BFAFC /* Pods-TogetherUITests.release.xcconfig */;
			buildSettings = {
				ALWAYS_EMBED_SWIFT_STANDARD_LIBRARIES = YES;
				CODE_SIGN_STYLE = Automatic;
				DEVELOPMENT_TEAM = 797Q3HJ5U5;
				INFOPLIST_FILE = TogetherUITests/Info.plist;
				LD_RUNPATH_SEARCH_PATHS = (
					"$(inherited)",
					"@executable_path/Frameworks",
					"@loader_path/Frameworks",
				);
				PRODUCT_BUNDLE_IDENTIFIER = com.aatech.TogetherUITests;
				PRODUCT_NAME = "$(TARGET_NAME)";
				SWIFT_VERSION = 4.0;
				TARGETED_DEVICE_FAMILY = "1,2";
				TEST_TARGET_NAME = Together;
			};
			name = Release;
		};
/* End XCBuildConfiguration section */

/* Begin XCConfigurationList section */
		9DB795BD21656B5300211327 /* Build configuration list for PBXProject "Together" */ = {
			isa = XCConfigurationList;
			buildConfigurations = (
				9DB795E821656B5700211327 /* Debug */,
				9DB795E921656B5700211327 /* Release */,
			);
			defaultConfigurationIsVisible = 0;
			defaultConfigurationName = Release;
		};
		9DB795EA21656B5700211327 /* Build configuration list for PBXNativeTarget "Together" */ = {
			isa = XCConfigurationList;
			buildConfigurations = (
				9DB795EB21656B5700211327 /* Debug */,
				9DB795EC21656B5700211327 /* Release */,
			);
			defaultConfigurationIsVisible = 0;
			defaultConfigurationName = Release;
		};
		9DB795ED21656B5700211327 /* Build configuration list for PBXNativeTarget "TogetherTests" */ = {
			isa = XCConfigurationList;
			buildConfigurations = (
				9DB795EE21656B5700211327 /* Debug */,
				9DB795EF21656B5700211327 /* Release */,
			);
			defaultConfigurationIsVisible = 0;
			defaultConfigurationName = Release;
		};
		9DB795F021656B5700211327 /* Build configuration list for PBXNativeTarget "TogetherUITests" */ = {
			isa = XCConfigurationList;
			buildConfigurations = (
				9DB795F121656B5700211327 /* Debug */,
				9DB795F221656B5700211327 /* Release */,
			);
			defaultConfigurationIsVisible = 0;
			defaultConfigurationName = Release;
		};
/* End XCConfigurationList section */
	};
	rootObject = 9DB795BA21656B5300211327 /* Project object */;
}
